
Microsoft Visual Studio Solution File, Format Version 12.00
# Visual Studio 15
VisualStudioVersion = 15.0.27703.1
MinimumVisualStudioVersion = 10.0.40219.1
Project("{FAE04EC0-301F-11D3-BF4B-00C04F79EFBC}") = "dearCurics", "dearCurics\dearCurics.csproj", "{1B55E4C5-032D-4BE6-A987-1AE1DA6DD1EC}"
EndProject
Global
	GlobalSection(SolutionConfigurationPlatforms) = preSolution
		Debug|Any CPU = Debug|Any CPU
		Release|Any CPU = Release|Any CPU
	EndGlobalSection
	GlobalSection(ProjectConfigurationPlatforms) = postSolution
		{1B55E4C5-032D-4BE6-A987-1AE1DA6DD1EC}.Debug|Any CPU.ActiveCfg = Debug|Any CPU
		{1B55E4C5-032D-4BE6-A987-1AE1DA6DD1EC}.Debug|Any CPU.Build.0 = Debug|Any CPU
		{1B55E4C5-032D-4BE6-A987-1AE1DA6DD1EC}.Release|Any CPU.ActiveCfg = Release|Any CPU
		{1B55E4C5-032D-4BE6-A987-1AE1DA6DD1EC}.Release|Any CPU.Build.0 = Release|Any CPU
	EndGlobalSection
	GlobalSection(SolutionProperties) = preSolution
		HideSolutionNode = FALSE
	EndGlobalSection
	GlobalSection(ExtensibilityGlobals) = postSolution
		SolutionGuid = {2B7933D1-76CC-4003-A844-562F7AE0EB0A}
	EndGlobalSection
EndGlobal
